
Microsoft Visual Studio Solution File, Format Version 12.00
# Visual Studio Version 17
VisualStudioVersion = 17.3.32819.101
MinimumVisualStudioVersion = 10.0.40219.1
Project("{FAE04EC0-301F-11D3-BF4B-00C04F79EFBC}") = "Deliverable_3_Iterative_Statement", "Deliverable_3_Iterative_Statement\Deliverable_3_Iterative_Statement.csproj", "{75B3D9A9-DAF0-453E-B97C-0989E3F6A79E}"
EndProject
Global
	GlobalSection(SolutionConfigurationPlatforms) = preSolution
		Debug|Any CPU = Debug|Any CPU
		Release|Any CPU = Release|Any CPU
	EndGlobalSection
	GlobalSection(ProjectConfigurationPlatforms) = postSolution
		{75B3D9A9-DAF0-453E-B97C-0989E3F6A79E}.Debug|Any CPU.ActiveCfg = Debug|Any CPU
		{75B3D9A9-DAF0-453E-B97C-0989E3F6A79E}.Debug|Any CPU.Build.0 = Debug|Any CPU
		{75B3D9A9-DAF0-453E-B97C-0989E3F6A79E}.Release|Any CPU.ActiveCfg = Release|Any CPU
		{75B3D9A9-DAF0-453E-B97C-0989E3F6A79E}.Release|Any CPU.Build.0 = Release|Any CPU
	EndGlobalSection
	GlobalSection(SolutionProperties) = preSolution
		HideSolutionNode = FALSE
	EndGlobalSection
	GlobalSection(ExtensibilityGlobals) = postSolution
		SolutionGuid = {C2760AB4-5441-485D-974B-CF72E8D7BAE3}
	EndGlobalSection
EndGlobal
